
Microsoft Visual Studio Solution File, Format Version 12.00
# Visual Studio Version 16
VisualStudioVersion = 16.0.29709.97
MinimumVisualStudioVersion = 10.0.40219.1
Project("{FAE04EC0-301F-11D3-BF4B-00C04F79EFBC}") = "Mined Out", "Mined Out\Mined Out.csproj", "{08E1A689-F1E8-4441-9B8E-03607691AEB0}"
EndProject
Global
	GlobalSection(SolutionConfigurationPlatforms) = preSolution
		Debug|Any CPU = Debug|Any CPU
		Release|Any CPU = Release|Any CPU
	EndGlobalSection
	GlobalSection(ProjectConfigurationPlatforms) = postSolution
		{08E1A689-F1E8-4441-9B8E-03607691AEB0}.Debug|Any CPU.ActiveCfg = Debug|Any CPU
		{08E1A689-F1E8-4441-9B8E-03607691AEB0}.Debug|Any CPU.Build.0 = Debug|Any CPU
		{08E1A689-F1E8-4441-9B8E-03607691AEB0}.Release|Any CPU.ActiveCfg = Release|Any CPU
		{08E1A689-F1E8-4441-9B8E-03607691AEB0}.Release|Any CPU.Build.0 = Release|Any CPU
	EndGlobalSection
	GlobalSection(SolutionProperties) = preSolution
		HideSolutionNode = FALSE
	EndGlobalSection
	GlobalSection(ExtensibilityGlobals) = postSolution
		SolutionGuid = {91B466EA-D6EA-4672-8FC8-17690EB76A39}
	EndGlobalSection
EndGlobal
